
Microsoft Visual Studio Solution File, Format Version 12.00
# Visual Studio Version 16
VisualStudioVersion = 16.0.33130.400
MinimumVisualStudioVersion = 10.0.40219.1
Project("{8BC9CEB8-8B4A-11D0-8D11-00A0C91BC942}") = "SqrtX", "SqrtX.vcxproj", "{21B4DF45-A8B8-42F9-8F12-C47D8A9BE9D1}"
EndProject
Global
	GlobalSection(SolutionConfigurationPlatforms) = preSolution
		Debug|x64 = Debug|x64
		Debug|x86 = Debug|x86
		Release|x64 = Release|x64
		Release|x86 = Release|x86
	EndGlobalSection
	GlobalSection(ProjectConfigurationPlatforms) = postSolution
		{21B4DF45-A8B8-42F9-8F12-C47D8A9BE9D1}.Debug|x64.ActiveCfg = Debug|x64
		{21B4DF45-A8B8-42F9-8F12-C47D8A9BE9D1}.Debug|x64.Build.0 = Debug|x64
		{21B4DF45-A8B8-42F9-8F12-C47D8A9BE9D1}.Debug|x86.ActiveCfg = Debug|Win32
		{21B4DF45-A8B8-42F9-8F12-C47D8A9BE9D1}.Debug|x86.Build.0 = Debug|Win32
		{21B4DF45-A8B8-42F9-8F12-C47D8A9BE9D1}.Release|x64.ActiveCfg = Release|x64
		{21B4DF45-A8B8-42F9-8F12-C47D8A9BE9D1}.Release|x64.Build.0 = Release|x64
		{21B4DF45-A8B8-42F9-8F12-C47D8A9BE9D1}.Release|x86.ActiveCfg = Release|Win32
		{21B4DF45-A8B8-42F9-8F12-C47D8A9BE9D1}.Release|x86.Build.0 = Release|Win32
	EndGlobalSection
	GlobalSection(SolutionProperties) = preSolution
		HideSolutionNode = FALSE
	EndGlobalSection
	GlobalSection(ExtensibilityGlobals) = postSolution
		SolutionGuid = {53FE0E7A-6EF2-4230-8255-8DC8CB58C319}
	EndGlobalSection
EndGlobal
